
Microsoft Visual Studio Solution File, Format Version 12.00
# Visual Studio Version 17
VisualStudioVersion = 17.8.34525.116
MinimumVisualStudioVersion = 10.0.40219.1
Project("{9A19103F-16F7-4668-BE54-9A1E7A4F7556}") = "ServiceHubClient", "ServiceHubClient.csproj", "{E53BF665-A576-4E66-B734-CB25BF30B991}"
EndProject
Global
	GlobalSection(SolutionConfigurationPlatforms) = preSolution
		Debug|Any CPU = Debug|Any CPU
		Release|Any CPU = Release|Any CPU
	EndGlobalSection
	GlobalSection(ProjectConfigurationPlatforms) = postSolution
		{E53BF665-A576-4E66-B734-CB25BF30B991}.Debug|Any CPU.ActiveCfg = Debug|Any CPU
		{E53BF665-A576-4E66-B734-CB25BF30B991}.Debug|Any CPU.Build.0 = Debug|Any CPU
		{E53BF665-A576-4E66-B734-CB25BF30B991}.Release|Any CPU.ActiveCfg = Release|Any CPU
		{E53BF665-A576-4E66-B734-CB25BF30B991}.Release|Any CPU.Build.0 = Release|Any CPU
	EndGlobalSection
	GlobalSection(SolutionProperties) = preSolution
		HideSolutionNode = FALSE
	EndGlobalSection
	GlobalSection(ExtensibilityGlobals) = postSolution
		SolutionGuid = {6D7B855D-22AE-4482-A042-9843934E8228}
	EndGlobalSection
EndGlobal
